
Microsoft Visual Studio Solution File, Format Version 12.00
# Visual Studio Version 17
VisualStudioVersion = 17.14.36408.4 d17.14
MinimumVisualStudioVersion = 10.0.40219.1
Project("{FAE04EC0-301F-11D3-BF4B-00C04F79EFBC}") = "RomanNumerals", "RomanNumerals.csproj", "{E642DD13-6503-4DE1-A348-3D543DBDBBF0}"
EndProject
Project("{FAE04EC0-301F-11D3-BF4B-00C04F79EFBC}") = "RomanNumeralTest", "..\RomanNumeralTest\RomanNumeralTest.csproj", "{1C7CF3F8-BA1E-4D7B-BA66-98AE309B2793}"
EndProject
Global
	GlobalSection(SolutionConfigurationPlatforms) = preSolution
		Debug|Any CPU = Debug|Any CPU
		Release|Any CPU = Release|Any CPU
	EndGlobalSection
	GlobalSection(ProjectConfigurationPlatforms) = postSolution
		{E642DD13-6503-4DE1-A348-3D543DBDBBF0}.Debug|Any CPU.ActiveCfg = Debug|Any CPU
		{E642DD13-6503-4DE1-A348-3D543DBDBBF0}.Debug|Any CPU.Build.0 = Debug|Any CPU
		{E642DD13-6503-4DE1-A348-3D543DBDBBF0}.Release|Any CPU.ActiveCfg = Release|Any CPU
		{E642DD13-6503-4DE1-A348-3D543DBDBBF0}.Release|Any CPU.Build.0 = Release|Any CPU
		{1C7CF3F8-BA1E-4D7B-BA66-98AE309B2793}.Debug|Any CPU.ActiveCfg = Debug|Any CPU
		{1C7CF3F8-BA1E-4D7B-BA66-98AE309B2793}.Debug|Any CPU.Build.0 = Debug|Any CPU
		{1C7CF3F8-BA1E-4D7B-BA66-98AE309B2793}.Release|Any CPU.ActiveCfg = Release|Any CPU
		{1C7CF3F8-BA1E-4D7B-BA66-98AE309B2793}.Release|Any CPU.Build.0 = Release|Any CPU
	EndGlobalSection
	GlobalSection(SolutionProperties) = preSolution
		HideSolutionNode = FALSE
	EndGlobalSection
	GlobalSection(ExtensibilityGlobals) = postSolution
		SolutionGuid = {78A5EE62-8C71-4F30-981F-4DF2C6BB10C0}
	EndGlobalSection
EndGlobal
